<Solution>
  <Folder Name="/src/">
    <Project Path="src/Fubar.Diff.Core/Fubar.Diff.Core.csproj" />
    <Project Path="src/Fubar.Diff.Application/Fubar.Diff.Application.csproj" />
    <Project Path="src/Fubar.Diff.Infrastructure/Fubar.Diff.Infrastructure.csproj" />
    <Project Path="src/Fubar.Diff.UI/Fubar.Diff.UI.csproj" />
  </Folder>
  <Folder Name="/tests/">
    <Project Path="tests/Fubar.Diff.Core.Tests/Fubar.Diff.Core.Tests.csproj" />
    <Project Path="tests/Fubar.Diff.Application.Tests/Fubar.Diff.Application.Tests.csproj" />
    <Project Path="tests/Fubar.Diff.Infrastructure.Tests/Fubar.Diff.Infrastructure.Tests.csproj" />
    <Project Path="tests/Fubar.Diff.Architecture.Tests/Fubar.Diff.Architecture.Tests.csproj" />
  </Folder>
</Solution>
