<Solution>
  <Folder Name="/src/">
    <Project Path="src/Fubar.Studio.Core/Fubar.Studio.Core.csproj" />
    <Project Path="src/Fubar.Studio.Application/Fubar.Studio.Application.csproj" />
    <Project Path="src/Fubar.Studio.Infrastructure/Fubar.Studio.Infrastructure.csproj" />
    <Project Path="src/Fubar.Studio.UI/Fubar.Studio.UI.csproj" />
  </Folder>
  <Folder Name="/tests/">
    <Project Path="tests/Fubar.Studio.Core.Tests/Fubar.Studio.Core.Tests.csproj" />
    <Project Path="tests/Fubar.Studio.Application.Tests/Fubar.Studio.Application.Tests.csproj" />
    <Project Path="tests/Fubar.Studio.Architecture.Tests/Fubar.Studio.Architecture.Tests.csproj" />
    <Project Path="tests/Fubar.Studio.Infrastructure.Tests/Fubar.Studio.Infrastructure.Tests.csproj" />
    <Project Path="tests/Fubar.Studio.EndToEnd.Tests/Fubar.Studio.EndToEnd.Tests.csproj" />
  </Folder>
</Solution>
